// !$*UTF8*$!
{
	archiveVersion = 1;
	classes = {
	};
	objectVersion = 46;
	objects = {
/* Begin PBXBuildFile section */
		025C0E2285EB42B5B68348F5 /* icon-60@2x.png in Resources */ = {isa = PBXBuildFile; fileRef = 09C7E2E610904588B0BB5B3D /* icon-60@2x.png */; };
		05F13400ED7348D593107E11 /* Default-568h@2x.png in Resources */ = {isa = PBXBuildFile; fileRef = 0CDCD3543F3F48C88516AA09 /* Default-568h@2x.png */; };
		0628467C7F874853A641FF79 /* icon-167x167@2x.png in Resources */ = {isa = PBXBuildFile; fileRef = A501B1604E2745E5B8D63265 /* icon-167x167@2x.png */; };
		0A69C4BE21964B78B51BA3B4 /* icon-180x180@2x.png in Resources */ = {isa = PBXBuildFile; fileRef = 54CBBC722CAF4C84B21DC37F /* icon-180x180@2x.png */; };
		0B6236FADDF24F25828CC60C /* icon-1024x1024.png in Resources */ = {isa = PBXBuildFile; fileRef = B83C82BD7CF34C6B90B5D2F5 /* icon-1024x1024.png */; };
		0E29453D1B734BA490EBCDDA /* icon-167x167.png in Resources */ = {isa = PBXBuildFile; fileRef = 766BCD0FDC9743E5B344A0A6 /* icon-167x167.png */; };
		0F555235CF35497F88E575CC /* iPhone 2048x2732.png in Resources */ = {isa = PBXBuildFile; fileRef = 5DCDE1346D8243A9AC12AEC0 /* iPhone 2048x2732.png */; };
		10EBAEEB354849C0924AB297 /* icon-180x180.png in Resources */ = {isa = PBXBuildFile; fileRef = F4E8DB9C28B540E59E5C83F5 /* icon-180x180.png */; };
		155B608D0B154C4994DDB9FA /* extra_1.png in Resources */ = {isa = PBXBuildFile; fileRef = F9562B5AF6CC4DC28D5B95B0 /* extra_1.png */; };
		157F6866B189489F9E801E25 /* icon-60.png in Resources */ = {isa = PBXBuildFile; fileRef = DA7D48D7F00F4753AB500699 /* icon-60.png */; };
		171CE2E8ED964AD0820222C3 /* Default-Landscape-667h@2x.png in Resources */ = {isa = PBXBuildFile; fileRef = 7A1C1B37FF854F2FABC84524 /* Default-Landscape-667h@2x.png */; };
		1B12FF5DE75840769139AE5B /* Default-736h@3x.png in Resources */ = {isa = PBXBuildFile; fileRef = 1EE1AE35040B4E1C93008E08 /* Default-736h@3x.png */; };
		1F3E725B3FD84A948C3EDD0C /* Icon-Small-50.png in Resources */ = {isa = PBXBuildFile; fileRef = 45C25F80FF2E422890419BCA /* Icon-Small-50.png */; };
		211EFF4537AE4F3DA6DCDCF6 /* BarcodeScannerFramework.framework in Embed Frameworks */ = {isa = PBXBuildFile; fileRef = 4C93ADDD5F85455B9F0758A0 /* BarcodeScannerFramework.framework */; settings = {ATTRIBUTES = (CodeSignOnCopy, RemoveHeadersOnCopy, ); }; };
		2693FFEBD1904065BD9B3C87 /* extra_3.png in Resources */ = {isa = PBXBuildFile; fileRef = CF07181049BA4EA79F1F3546 /* extra_3.png */; };
		274A9C1A25B44B40AA5247B5 /* icon-72@2x.png in Resources */ = {isa = PBXBuildFile; fileRef = 46594ADDAC8647F4B2F1F401 /* icon-72@2x.png */; };
		2921A64A1EFE4E84A119180A /* icon-76@2x.png in Resources */ = {isa = PBXBuildFile; fileRef = 47D87D7C96DE46F2BA6453A0 /* icon-76@2x.png */; };
		2974F98FE81A4564B8FE7F5B /* icon@2x.png in Resources */ = {isa = PBXBuildFile; fileRef = DD465FEF160E43329E6D5A5D /* icon@2x.png */; };
		29C3B0FBEA904ED8A092C2B7 /* icon.png in Resources */ = {isa = PBXBuildFile; fileRef = 625C60D2DAE94CD6B92F2FC9 /* icon.png */; };
		2C9C3A183A0547BCA8A30A58 /* extra_2.png in Resources */ = {isa = PBXBuildFile; fileRef = 9FABBC974DD74DE09BC1BF93 /* extra_2.png */; };
		321F05352905490D8AAE1572 /* logo.png in Resources */ = {isa = PBXBuildFile; fileRef = E0C4C2257C954215AAD1164C /* logo.png */; };
		3359A5937E3A49B4A4BCBE08 /* icon-60@3x.png in Resources */ = {isa = PBXBuildFile; fileRef = 3B2CAB0036104DD7B8A16890 /* icon-60@3x.png */; };
		3847F080203C4503A7FA500C /* icon-57@2x.png in Resources */ = {isa = PBXBuildFile; fileRef = 325076809A3740C6B3ADBA04 /* icon-57@2x.png */; };
		3A400628655F4C2EA78B2760 /* Background.png in Resources */ = {isa = PBXBuildFile; fileRef = EC471D01A828443F8B92CB26 /* Background.png */; };
		4324426985304C5FB54AE737 /* icon-40@2x.png in Resources */ = {isa = PBXBuildFile; fileRef = C82DDBCFEAEB4C2391D10BBC /* icon-40@2x.png */; };
		4326FB038161434399654FCE /* icon-57.png in Resources */ = {isa = PBXBuildFile; fileRef = 552CE84E00374CC09C3AD811 /* icon-57.png */; };
		47CE525059CA43169C92E406 /* stage_dark.png in Resources */ = {isa = PBXBuildFile; fileRef = 1EB0AE16A1894E8EBB90F68C /* stage_dark.png */; };
		4947AE5E176B431DBECE973E /* Icon-Small@2x.png in Resources */ = {isa = PBXBuildFile; fileRef = F6AFD961051143CAA8BD06BF /* Icon-Small@2x.png */; };
		4F1757A213FB4D45A481EC8F /* icon-29@2x.png in Resources */ = {isa = PBXBuildFile; fileRef = B5B74B36595C4B8CBFD3F70E /* icon-29@2x.png */; };
		508D19F1834C4E398EC022C2 /* top_fader.png in Resources */ = {isa = PBXBuildFile; fileRef = CD1CFAD8317F4A519E1E72D1 /* top_fader.png */; };
		55B5D20242D64549809C37DA /* Icon-Small-50@2x.png in Resources */ = {isa = PBXBuildFile; fileRef = E467A74E42EE4580BF58F1EE /* Icon-Small-50@2x.png */; };
		586C67AF18A141F8A3A33A45 /* Default-Landscape-736h@3x.png in Resources */ = {isa = PBXBuildFile; fileRef = 8E0545EDBA8143099A51EC6B /* Default-Landscape-736h@3x.png */; };
		598FA0AC10484D86B639471E /* icon-83.5x83.5.png in Resources */ = {isa = PBXBuildFile; fileRef = BCC31E7ECD24428099F79B4B /* icon-83.5x83.5.png */; };
		5990F00B9E44412D803CDDB8 /* icon-120x120@2x.png in Resources */ = {isa = PBXBuildFile; fileRef = 2B22CCF3B7904351AC2EBCE4 /* icon-120x120@2x.png */; };
		5AA45485499440AFBA52D0C5 /* icon-72@3x.png in Resources */ = {isa = PBXBuildFile; fileRef = C629D5855551423AB184062C /* icon-72@3x.png */; };
		5ECE4BF1B71A41D4B3F6AD24 /* icon-29@3x.png in Resources */ = {isa = PBXBuildFile; fileRef = 3EA4AB593ACD41DF8886D451 /* icon-29@3x.png */; };
		62FD652486DC4A8286CC098F /* iPhone 640x960.png in Resources */ = {isa = PBXBuildFile; fileRef = 93BAD7C2CB944750B31BC844 /* iPhone 640x960.png */; };
		66489E0BAF204875903810C0 /* Default-Portrait.png in Resources */ = {isa = PBXBuildFile; fileRef = 26196B7C1075475096DA1F6C /* Default-Portrait.png */; };
		6756B8AF74244B768A2511C4 /* Icon-Small.png in Resources */ = {isa = PBXBuildFile; fileRef = 103E43103CB84983A4BF31F8 /* Icon-Small.png */; };
		6B0ABD84075A4FE6A17AA04F /* Default-Landscape@3x.png in Resources */ = {isa = PBXBuildFile; fileRef = 2BE75B13FFEB4A1EAEF1907C /* Default-Landscape@3x.png */; };
		6B2AD3C8690742298FC777A3 /* back_icon.png in Resources */ = {isa = PBXBuildFile; fileRef = 44E27005FCAE40F8A6E7C3E1 /* back_icon.png */; };
		704950075C3C4E40A913AC18 /* Fader.png in Resources */ = {isa = PBXBuildFile; fileRef = 072517A1412B4142B7D24EA8 /* Fader.png */; };
		75755A2D1D4E8E2AE2AF7409 /* Pods_mirageapp.framework in Frameworks */ = {isa = PBXBuildFile; fileRef = EB3E618345F51A84FFBD81EF /* Pods_mirageapp.framework */; };
		7587C7E9336448868B920E60 /* Default-Portrait-736h@3x.png in Resources */ = {isa = PBXBuildFile; fileRef = CBE5D7872C1B46FD906A9775 /* Default-Portrait-736h@3x.png */; };
		75FE1D862364434FBE0889D2 /* qr_code.png in Resources */ = {isa = PBXBuildFile; fileRef = 89B66720F0A34E85830AB79B /* qr_code.png */; };
		765CD397217644B3BCA46218 /* iPhone 768x1024.png in Resources */ = {isa = PBXBuildFile; fileRef = DA42BA202F6844339325D0F6 /* iPhone 768x1024.png */; };
		76EB209C2C2945D69206737C /* iPhone 2732x2048.png in Resources */ = {isa = PBXBuildFile; fileRef = C7DBF857CECA4814A51AA0C3 /* iPhone 2732x2048.png */; };
		858B842D18CA22B800AB12DE /* InfoPlist.strings in Resources */ = {isa = PBXBuildFile; fileRef = 858B833A18CA111C00AB12DE /* InfoPlist.strings */; };
		862BEF91412244E9A87A23B1 /* extra.png in Resources */ = {isa = PBXBuildFile; fileRef = 911A866D928847CC8DF73A18 /* extra.png */; };
		8866D9F954AC434E9531DCA2 /* icon-40@3x.png in Resources */ = {isa = PBXBuildFile; fileRef = E9B71BFF9FCF4AE6A3878971 /* icon-40@3x.png */; };
		8C421DDB5706471C9D7FB6AA /* icon-40.png in Resources */ = {isa = PBXBuildFile; fileRef = C9CE79FD19424CA696E2611C /* icon-40.png */; };
		8C839273CD7C4C39A3FC021E /* icon-180x180@3x.png in Resources */ = {isa = PBXBuildFile; fileRef = E3B8A5B4FDFB4E1BBF1AFF68 /* icon-180x180@3x.png */; };
		8E7FEDAD85594FE4B5B0649A /* Default-Landscape.png in Resources */ = {isa = PBXBuildFile; fileRef = AAE8AC16C98C4E7381571E88 /* Default-Landscape.png */; };
		8FBBE3DE5FE340B79E04027F /* icon-167x167@3x.png in Resources */ = {isa = PBXBuildFile; fileRef = AC4BC90FB547433FB4BF6583 /* icon-167x167@3x.png */; };
		9425B90FFA974E5CAC94BD69 /* TelerikUI.framework in Frameworks */ = {isa = PBXBuildFile; fileRef = CC8B28A84AF7455B80CC8A87 /* TelerikUI.framework */; };
		94ABB6F7FEE34E76BA900DA5 /* Default-667h@2x.png in Resources */ = {isa = PBXBuildFile; fileRef = 50FFA896E4004B64A37E1AAA /* Default-667h@2x.png */; };
		9A06EA69B91F453EB3CC1D02 /* stage.png in Resources */ = {isa = PBXBuildFile; fileRef = 601CCA208699491F82FE5E58 /* stage.png */; };
		9C59E324D0064AA2BAF42FFA /* icon-1024x1024@3x.png in Resources */ = {isa = PBXBuildFile; fileRef = 1F55D9D4F61A4176BFAE2EA2 /* icon-1024x1024@3x.png */; };
		9D9B7F8BC2604068BDCBD204 /* icon-120x120@3x.png in Resources */ = {isa = PBXBuildFile; fileRef = 661C7392242842339193E29E /* icon-120x120@3x.png */; };
		A3478C2B579A4E5CA26DCBEA /* icon-152x152.png in Resources */ = {isa = PBXBuildFile; fileRef = ECD51BAB14BA4887BBE0F756 /* icon-152x152.png */; };
		A3A9243FA5DD4C008E9BA18D /* statue_superman.png in Resources */ = {isa = PBXBuildFile; fileRef = 83C5F19C56F04E6C94D58566 /* statue_superman.png */; };
		A5E1F2D799B44128B441B29A /* menu_icon.png in Resources */ = {isa = PBXBuildFile; fileRef = 5FBA4948D3C0448CA9731F0F /* menu_icon.png */; };
		AEA8F529C68C4B69B0747194 /* icon-152x152@2x.png in Resources */ = {isa = PBXBuildFile; fileRef = 7D39601E2C9F4AAC96963A64 /* icon-152x152@2x.png */; };
		B2117DFF2D0146158555A0EC /* Default@2x.png in Resources */ = {isa = PBXBuildFile; fileRef = 0E4924BA4392482EBF429FC3 /* Default@2x.png */; };
		BACE538F52B946FEAC7B127D /* iPhone 1536x2048.png in Resources */ = {isa = PBXBuildFile; fileRef = 166460580C7D4827B7059CB4 /* iPhone 1536x2048.png */; };
		BD7877F323574418B9820206 /* icon-76@3x.png in Resources */ = {isa = PBXBuildFile; fileRef = F8B662D7F99D46B3A4044AF2 /* icon-76@3x.png */; };
		BFD9EAAB255D40FB806B220F /* Default-Landscape-568h@2x.png in Resources */ = {isa = PBXBuildFile; fileRef = B4BAAEE1903C4A4EBB8B0E0F /* Default-Landscape-568h@2x.png */; };
		C5EFAD36B26D4383BB721E8A /* iPhone 1024x768.png in Resources */ = {isa = PBXBuildFile; fileRef = 2E2A45657BE94B0BB85F42FC /* iPhone 1024x768.png */; };
		C709FA0E6F774A2F857270CA /* Default-Portrait@2x.png in Resources */ = {isa = PBXBuildFile; fileRef = A33D3EB0E6EE4340A6B96DB9 /* Default-Portrait@2x.png */; };
		C8DD0E0057BF4E0198F757B3 /* icon-120x120.png in Resources */ = {isa = PBXBuildFile; fileRef = 4C7A2E6120E047628A7C2825 /* icon-120x120.png */; };
		CAC2954899814BCC9F715FCC /* TelerikUI.framework in Embed Frameworks */ = {isa = PBXBuildFile; fileRef = CC8B28A84AF7455B80CC8A87 /* TelerikUI.framework */; settings = {ATTRIBUTES = (CodeSignOnCopy, RemoveHeadersOnCopy, ); }; };
		CD45EE7C18DC2D5800FB50C0 /* app in Resources */ = {isa = PBXBuildFile; fileRef = CD45EE7A18DC2D5800FB50C0 /* app */; };
		CD581AFD755A4824818DC24E /* iPhone 2048x1536.png in Resources */ = {isa = PBXBuildFile; fileRef = 0240498836764B6FAD97625E /* iPhone 2048x1536.png */; };
		CD62955D1BB2678900AE3A93 /* main.m in Sources */ = {isa = PBXBuildFile; fileRef = CD62955C1BB2678900AE3A93 /* main.m */; };
		CD82E9AC17DD4013B4800928 /* BarcodeScannerFramework.framework in Frameworks */ = {isa = PBXBuildFile; fileRef = 4C93ADDD5F85455B9F0758A0 /* BarcodeScannerFramework.framework */; };
		D098169B12924C8D8F04399C /* logo_white.png in Resources */ = {isa = PBXBuildFile; fileRef = 4ACFFCD40C8F4D789F36DA84 /* logo_white.png */; };
		D31E10E8B4A64612BD637D4E /* avatar_placeholder.png in Resources */ = {isa = PBXBuildFile; fileRef = ADE3FDA8D06A4F05BD95E17C /* avatar_placeholder.png */; };
		D731DDEFF0F442D981F8ACA2 /* icon-83.5x83.5@2x.png in Resources */ = {isa = PBXBuildFile; fileRef = A0F9DB39E1E149F4A5D3E901 /* icon-83.5x83.5@2x.png */; };
		D8C49D8396E2492380140FD3 /* iPhone 640x1136.png in Resources */ = {isa = PBXBuildFile; fileRef = CAC9BA28038C4093BA80D3B3 /* iPhone 640x1136.png */; };
		D9A9E3E431B1454BA7C3B2CC /* icon-29.png in Resources */ = {isa = PBXBuildFile; fileRef = FEEC2AF9F1ED4A7F8EABA85E /* icon-29.png */; };
		DF4E68B18A09480B8E3A03F6 /* icon-76.png in Resources */ = {isa = PBXBuildFile; fileRef = A925431A24384F109D2FEEAA /* icon-76.png */; };
		E4D503960F354E9D9A878B5A /* Default.png in Resources */ = {isa = PBXBuildFile; fileRef = C79E0AC8BDDC4721AE17CECE /* Default.png */; };
		EA1D4B6E60BD463FB7F3E1B9 /* icon-1024x1024@2x.png in Resources */ = {isa = PBXBuildFile; fileRef = 8E49AE1911214BDAA50B4783 /* icon-1024x1024@2x.png */; };
		EEF9DCB46034412F8D03D483 /* icon-152x152@3x.png in Resources */ = {isa = PBXBuildFile; fileRef = 7DFF3CB4044845AEA4332378 /* icon-152x152@3x.png */; };
		F5546CF36E074A9A9D2E5C79 /* icon-72.png in Resources */ = {isa = PBXBuildFile; fileRef = 1A714E9F72ED427DB07C8F89 /* icon-72.png */; };
		FC966A67968B45D3B507491A /* Default-Landscape@2x.png in Resources */ = {isa = PBXBuildFile; fileRef = D3FA6259CDC74FB8A914A020 /* Default-Landscape@2x.png */; };
		FF413019D3874ECD88E008C8 /* statue_batman.png in Resources */ = {isa = PBXBuildFile; fileRef = 4C2CB46F59C5408BA28EA0C6 /* statue_batman.png */; };
/* End PBXBuildFile section */

/* Begin PBXCopyFilesBuildPhase section */
		85F5BDFC1A9363BE006B9701 /* Embed Frameworks */ = {
			isa = PBXCopyFilesBuildPhase;
			buildActionMask = 2147483647;
			dstPath = "";
			dstSubfolderSpec = 10;
			files = (
				211EFF4537AE4F3DA6DCDCF6 /* BarcodeScannerFramework.framework in Embed Frameworks */,
				CAC2954899814BCC9F715FCC /* TelerikUI.framework in Embed Frameworks */,
			);
			name = "Embed Frameworks";
			runOnlyForDeploymentPostprocessing = 0;
		};
/* End PBXCopyFilesBuildPhase section */

/* Begin PBXFileReference section */
		0240498836764B6FAD97625E /* iPhone 2048x1536.png */ = {isa = PBXFileReference; lastKnownFileType = image.png; name = "iPhone 2048x1536.png"; path = "mirageapp/Resources/iPhone 2048x1536.png"; sourceTree = "<group>"; };
		072517A1412B4142B7D24EA8 /* Fader.png */ = {isa = PBXFileReference; lastKnownFileType = image.png; name = Fader.png; path = mirageapp/Resources/Fader.png; sourceTree = "<group>"; };
		09C7E2E610904588B0BB5B3D /* icon-60@2x.png */ = {isa = PBXFileReference; lastKnownFileType = image.png; name = "icon-60@2x.png"; path = "mirageapp/Resources/icon-60@2x.png"; sourceTree = "<group>"; };
		0CDCD3543F3F48C88516AA09 /* Default-568h@2x.png */ = {isa = PBXFileReference; lastKnownFileType = image.png; name = "Default-568h@2x.png"; path = "mirageapp/Resources/Default-568h@2x.png"; sourceTree = "<group>"; };
		0E4924BA4392482EBF429FC3 /* Default@2x.png */ = {isa = PBXFileReference; lastKnownFileType = image.png; name = "Default@2x.png"; path = "mirageapp/Resources/Default@2x.png"; sourceTree = "<group>"; };
		103E43103CB84983A4BF31F8 /* Icon-Small.png */ = {isa = PBXFileReference; lastKnownFileType = image.png; name = "Icon-Small.png"; path = "mirageapp/Resources/Icon-Small.png"; sourceTree = "<group>"; };
		166460580C7D4827B7059CB4 /* iPhone 1536x2048.png */ = {isa = PBXFileReference; lastKnownFileType = image.png; name = "iPhone 1536x2048.png"; path = "mirageapp/Resources/iPhone 1536x2048.png"; sourceTree = "<group>"; };
		1A714E9F72ED427DB07C8F89 /* icon-72.png */ = {isa = PBXFileReference; lastKnownFileType = image.png; name = "icon-72.png"; path = "mirageapp/Resources/icon-72.png"; sourceTree = "<group>"; };
		1EB0AE16A1894E8EBB90F68C /* stage_dark.png */ = {isa = PBXFileReference; lastKnownFileType = image.png; name = stage_dark.png; path = mirageapp/Resources/stage_dark.png; sourceTree = "<group>"; };
		1EE1AE35040B4E1C93008E08 /* Default-736h@3x.png */ = {isa = PBXFileReference; lastKnownFileType = image.png; name = "Default-736h@3x.png"; path = "mirageapp/Resources/Default-736h@3x.png"; sourceTree = "<group>"; };
		1F55D9D4F61A4176BFAE2EA2 /* icon-1024x1024@3x.png */ = {isa = PBXFileReference; lastKnownFileType = image.png; name = "icon-1024x1024@3x.png"; path = "mirageapp/Resources/icon-1024x1024@3x.png"; sourceTree = "<group>"; };
		26196B7C1075475096DA1F6C /* Default-Portrait.png */ = {isa = PBXFileReference; lastKnownFileType = image.png; name = "Default-Portrait.png"; path = "mirageapp/Resources/Default-Portrait.png"; sourceTree = "<group>"; };
		2B22CCF3B7904351AC2EBCE4 /* icon-120x120@2x.png */ = {isa = PBXFileReference; lastKnownFileType = image.png; name = "icon-120x120@2x.png"; path = "mirageapp/Resources/icon-120x120@2x.png"; sourceTree = "<group>"; };
		2BE75B13FFEB4A1EAEF1907C /* Default-Landscape@3x.png */ = {isa = PBXFileReference; lastKnownFileType = image.png; name = "Default-Landscape@3x.png"; path = "mirageapp/Resources/Default-Landscape@3x.png"; sourceTree = "<group>"; };
		2E2A45657BE94B0BB85F42FC /* iPhone 1024x768.png */ = {isa = PBXFileReference; lastKnownFileType = image.png; name = "iPhone 1024x768.png"; path = "mirageapp/Resources/iPhone 1024x768.png"; sourceTree = "<group>"; };
		325076809A3740C6B3ADBA04 /* icon-57@2x.png */ = {isa = PBXFileReference; lastKnownFileType = image.png; name = "icon-57@2x.png"; path = "mirageapp/Resources/icon-57@2x.png"; sourceTree = "<group>"; };
		3B2CAB0036104DD7B8A16890 /* icon-60@3x.png */ = {isa = PBXFileReference; lastKnownFileType = image.png; name = "icon-60@3x.png"; path = "mirageapp/Resources/icon-60@3x.png"; sourceTree = "<group>"; };
		3EA4AB593ACD41DF8886D451 /* icon-29@3x.png */ = {isa = PBXFileReference; lastKnownFileType = image.png; name = "icon-29@3x.png"; path = "mirageapp/Resources/icon-29@3x.png"; sourceTree = "<group>"; };
		44E27005FCAE40F8A6E7C3E1 /* back_icon.png */ = {isa = PBXFileReference; lastKnownFileType = image.png; name = back_icon.png; path = mirageapp/Resources/back_icon.png; sourceTree = "<group>"; };
		45C25F80FF2E422890419BCA /* Icon-Small-50.png */ = {isa = PBXFileReference; lastKnownFileType = image.png; name = "Icon-Small-50.png"; path = "mirageapp/Resources/Icon-Small-50.png"; sourceTree = "<group>"; };
		46594ADDAC8647F4B2F1F401 /* icon-72@2x.png */ = {isa = PBXFileReference; lastKnownFileType = image.png; name = "icon-72@2x.png"; path = "mirageapp/Resources/icon-72@2x.png"; sourceTree = "<group>"; };
		47D87D7C96DE46F2BA6453A0 /* icon-76@2x.png */ = {isa = PBXFileReference; lastKnownFileType = image.png; name = "icon-76@2x.png"; path = "mirageapp/Resources/icon-76@2x.png"; sourceTree = "<group>"; };
		4ACFFCD40C8F4D789F36DA84 /* logo_white.png */ = {isa = PBXFileReference; lastKnownFileType = image.png; name = logo_white.png; path = mirageapp/Resources/logo_white.png; sourceTree = "<group>"; };
		4C2CB46F59C5408BA28EA0C6 /* statue_batman.png */ = {isa = PBXFileReference; lastKnownFileType = image.png; name = statue_batman.png; path = mirageapp/Resources/statue_batman.png; sourceTree = "<group>"; };
		4C7A2E6120E047628A7C2825 /* icon-120x120.png */ = {isa = PBXFileReference; lastKnownFileType = image.png; name = "icon-120x120.png"; path = "mirageapp/Resources/icon-120x120.png"; sourceTree = "<group>"; };
		4C93ADDD5F85455B9F0758A0 /* BarcodeScannerFramework.framework */ = {isa = PBXFileReference; lastKnownFileType = wrapper.framework; name = BarcodeScannerFramework.framework; path = ../../lib/iOS/BarcodeScannerFramework.framework; sourceTree = "<group>"; };
		50FFA896E4004B64A37E1AAA /* Default-667h@2x.png */ = {isa = PBXFileReference; lastKnownFileType = image.png; name = "Default-667h@2x.png"; path = "mirageapp/Resources/Default-667h@2x.png"; sourceTree = "<group>"; };
		54CBBC722CAF4C84B21DC37F /* icon-180x180@2x.png */ = {isa = PBXFileReference; lastKnownFileType = image.png; name = "icon-180x180@2x.png"; path = "mirageapp/Resources/icon-180x180@2x.png"; sourceTree = "<group>"; };
		552CE84E00374CC09C3AD811 /* icon-57.png */ = {isa = PBXFileReference; lastKnownFileType = image.png; name = "icon-57.png"; path = "mirageapp/Resources/icon-57.png"; sourceTree = "<group>"; };
		5DCDE1346D8243A9AC12AEC0 /* iPhone 2048x2732.png */ = {isa = PBXFileReference; lastKnownFileType = image.png; name = "iPhone 2048x2732.png"; path = "mirageapp/Resources/iPhone 2048x2732.png"; sourceTree = "<group>"; };
		5FBA4948D3C0448CA9731F0F /* menu_icon.png */ = {isa = PBXFileReference; lastKnownFileType = image.png; name = menu_icon.png; path = mirageapp/Resources/menu_icon.png; sourceTree = "<group>"; };
		601CCA208699491F82FE5E58 /* stage.png */ = {isa = PBXFileReference; lastKnownFileType = image.png; name = stage.png; path = mirageapp/Resources/stage.png; sourceTree = "<group>"; };
		625C60D2DAE94CD6B92F2FC9 /* icon.png */ = {isa = PBXFileReference; lastKnownFileType = image.png; name = icon.png; path = mirageapp/Resources/icon.png; sourceTree = "<group>"; };
		661C7392242842339193E29E /* icon-120x120@3x.png */ = {isa = PBXFileReference; lastKnownFileType = image.png; name = "icon-120x120@3x.png"; path = "mirageapp/Resources/icon-120x120@3x.png"; sourceTree = "<group>"; };
		766BCD0FDC9743E5B344A0A6 /* icon-167x167.png */ = {isa = PBXFileReference; lastKnownFileType = image.png; name = "icon-167x167.png"; path = "mirageapp/Resources/icon-167x167.png"; sourceTree = "<group>"; };
		7A1C1B37FF854F2FABC84524 /* Default-Landscape-667h@2x.png */ = {isa = PBXFileReference; lastKnownFileType = image.png; name = "Default-Landscape-667h@2x.png"; path = "mirageapp/Resources/Default-Landscape-667h@2x.png"; sourceTree = "<group>"; };
		7D39601E2C9F4AAC96963A64 /* icon-152x152@2x.png */ = {isa = PBXFileReference; lastKnownFileType = image.png; name = "icon-152x152@2x.png"; path = "mirageapp/Resources/icon-152x152@2x.png"; sourceTree = "<group>"; };
		7DFF3CB4044845AEA4332378 /* icon-152x152@3x.png */ = {isa = PBXFileReference; lastKnownFileType = image.png; name = "icon-152x152@3x.png"; path = "mirageapp/Resources/icon-152x152@3x.png"; sourceTree = "<group>"; };
		83C5F19C56F04E6C94D58566 /* statue_superman.png */ = {isa = PBXFileReference; lastKnownFileType = image.png; name = statue_superman.png; path = mirageapp/Resources/statue_superman.png; sourceTree = "<group>"; };
		858B832E18CA111C00AB12DE /* mirageapp.app */ = {isa = PBXFileReference; explicitFileType = wrapper.application; includeInIndex = 0; path = mirageapp.app; sourceTree = BUILT_PRODUCTS_DIR; };
		858B833918CA111C00AB12DE /* mirageapp-Info.plist */ = {isa = PBXFileReference; lastKnownFileType = text.plist.xml; path = "mirageapp-Info.plist"; sourceTree = "<group>"; };
		858B833B18CA111C00AB12DE /* en */ = {isa = PBXFileReference; lastKnownFileType = text.plist.strings; name = en; path = en.lproj/InfoPlist.strings; sourceTree = "<group>"; };
		858B833F18CA111C00AB12DE /* mirageapp-Prefix.pch */ = {isa = PBXFileReference; lastKnownFileType = sourcecode.c.h; path = "mirageapp-Prefix.pch"; sourceTree = "<group>"; };
		858B843318CA22B800AB12DE /* mirageapp.app */ = {isa = PBXFileReference; explicitFileType = wrapper.application; includeInIndex = 0; path = mirageapp.app; sourceTree = BUILT_PRODUCTS_DIR; };
		89B66720F0A34E85830AB79B /* qr_code.png */ = {isa = PBXFileReference; lastKnownFileType = image.png; name = qr_code.png; path = mirageapp/Resources/qr_code.png; sourceTree = "<group>"; };
		8E0545EDBA8143099A51EC6B /* Default-Landscape-736h@3x.png */ = {isa = PBXFileReference; lastKnownFileType = image.png; name = "Default-Landscape-736h@3x.png"; path = "mirageapp/Resources/Default-Landscape-736h@3x.png"; sourceTree = "<group>"; };
		8E49AE1911214BDAA50B4783 /* icon-1024x1024@2x.png */ = {isa = PBXFileReference; lastKnownFileType = image.png; name = "icon-1024x1024@2x.png"; path = "mirageapp/Resources/icon-1024x1024@2x.png"; sourceTree = "<group>"; };
		911A866D928847CC8DF73A18 /* extra.png */ = {isa = PBXFileReference; lastKnownFileType = image.png; name = extra.png; path = mirageapp/Resources/extra.png; sourceTree = "<group>"; };
		93BAD7C2CB944750B31BC844 /* iPhone 640x960.png */ = {isa = PBXFileReference; lastKnownFileType = image.png; name = "iPhone 640x960.png"; path = "mirageapp/Resources/iPhone 640x960.png"; sourceTree = "<group>"; };
		9FABBC974DD74DE09BC1BF93 /* extra_2.png */ = {isa = PBXFileReference; lastKnownFileType = image.png; name = extra_2.png; path = mirageapp/Resources/extra_2.png; sourceTree = "<group>"; };
		A0F9DB39E1E149F4A5D3E901 /* icon-83.5x83.5@2x.png */ = {isa = PBXFileReference; lastKnownFileType = image.png; name = "icon-83.5x83.5@2x.png"; path = "mirageapp/Resources/icon-83.5x83.5@2x.png"; sourceTree = "<group>"; };
		A33D3EB0E6EE4340A6B96DB9 /* Default-Portrait@2x.png */ = {isa = PBXFileReference; lastKnownFileType = image.png; name = "Default-Portrait@2x.png"; path = "mirageapp/Resources/Default-Portrait@2x.png"; sourceTree = "<group>"; };
		A501B1604E2745E5B8D63265 /* icon-167x167@2x.png */ = {isa = PBXFileReference; lastKnownFileType = image.png; name = "icon-167x167@2x.png"; path = "mirageapp/Resources/icon-167x167@2x.png"; sourceTree = "<group>"; };
		A925431A24384F109D2FEEAA /* icon-76.png */ = {isa = PBXFileReference; lastKnownFileType = image.png; name = "icon-76.png"; path = "mirageapp/Resources/icon-76.png"; sourceTree = "<group>"; };
		AAE8AC16C98C4E7381571E88 /* Default-Landscape.png */ = {isa = PBXFileReference; lastKnownFileType = image.png; name = "Default-Landscape.png"; path = "mirageapp/Resources/Default-Landscape.png"; sourceTree = "<group>"; };
		AC4BC90FB547433FB4BF6583 /* icon-167x167@3x.png */ = {isa = PBXFileReference; lastKnownFileType = image.png; name = "icon-167x167@3x.png"; path = "mirageapp/Resources/icon-167x167@3x.png"; sourceTree = "<group>"; };
		ADE3FDA8D06A4F05BD95E17C /* avatar_placeholder.png */ = {isa = PBXFileReference; lastKnownFileType = image.png; name = avatar_placeholder.png; path = mirageapp/Resources/avatar_placeholder.png; sourceTree = "<group>"; };
		B4BAAEE1903C4A4EBB8B0E0F /* Default-Landscape-568h@2x.png */ = {isa = PBXFileReference; lastKnownFileType = image.png; name = "Default-Landscape-568h@2x.png"; path = "mirageapp/Resources/Default-Landscape-568h@2x.png"; sourceTree = "<group>"; };
		B5B74B36595C4B8CBFD3F70E /* icon-29@2x.png */ = {isa = PBXFileReference; lastKnownFileType = image.png; name = "icon-29@2x.png"; path = "mirageapp/Resources/icon-29@2x.png"; sourceTree = "<group>"; };
		B83C82BD7CF34C6B90B5D2F5 /* icon-1024x1024.png */ = {isa = PBXFileReference; lastKnownFileType = image.png; name = "icon-1024x1024.png"; path = "mirageapp/Resources/icon-1024x1024.png"; sourceTree = "<group>"; };
		BCC31E7ECD24428099F79B4B /* icon-83.5x83.5.png */ = {isa = PBXFileReference; lastKnownFileType = image.png; name = "icon-83.5x83.5.png"; path = "mirageapp/Resources/icon-83.5x83.5.png"; sourceTree = "<group>"; };
		C629D5855551423AB184062C /* icon-72@3x.png */ = {isa = PBXFileReference; lastKnownFileType = image.png; name = "icon-72@3x.png"; path = "mirageapp/Resources/icon-72@3x.png"; sourceTree = "<group>"; };
		C79E0AC8BDDC4721AE17CECE /* Default.png */ = {isa = PBXFileReference; lastKnownFileType = image.png; name = Default.png; path = mirageapp/Resources/Default.png; sourceTree = "<group>"; };
		C7DBF857CECA4814A51AA0C3 /* iPhone 2732x2048.png */ = {isa = PBXFileReference; lastKnownFileType = image.png; name = "iPhone 2732x2048.png"; path = "mirageapp/Resources/iPhone 2732x2048.png"; sourceTree = "<group>"; };
		C82DDBCFEAEB4C2391D10BBC /* icon-40@2x.png */ = {isa = PBXFileReference; lastKnownFileType = image.png; name = "icon-40@2x.png"; path = "mirageapp/Resources/icon-40@2x.png"; sourceTree = "<group>"; };
		C9CE79FD19424CA696E2611C /* icon-40.png */ = {isa = PBXFileReference; lastKnownFileType = image.png; name = "icon-40.png"; path = "mirageapp/Resources/icon-40.png"; sourceTree = "<group>"; };
		CAC9BA28038C4093BA80D3B3 /* iPhone 640x1136.png */ = {isa = PBXFileReference; lastKnownFileType = image.png; name = "iPhone 640x1136.png"; path = "mirageapp/Resources/iPhone 640x1136.png"; sourceTree = "<group>"; };
		CBE5D7872C1B46FD906A9775 /* Default-Portrait-736h@3x.png */ = {isa = PBXFileReference; lastKnownFileType = image.png; name = "Default-Portrait-736h@3x.png"; path = "mirageapp/Resources/Default-Portrait-736h@3x.png"; sourceTree = "<group>"; };
		CC8B28A84AF7455B80CC8A87 /* TelerikUI.framework */ = {isa = PBXFileReference; lastKnownFileType = wrapper.framework; name = TelerikUI.framework; path = ../../lib/iOS/TelerikUI.framework; sourceTree = "<group>"; };
		CD1CFAD8317F4A519E1E72D1 /* top_fader.png */ = {isa = PBXFileReference; lastKnownFileType = image.png; name = top_fader.png; path = mirageapp/Resources/top_fader.png; sourceTree = "<group>"; };
		CD45EE7A18DC2D5800FB50C0 /* app */ = {isa = PBXFileReference; lastKnownFileType = folder; path = app; sourceTree = "<group>"; };
		CD62955C1BB2678900AE3A93 /* main.m */ = {isa = PBXFileReference; fileEncoding = 4; lastKnownFileType = sourcecode.c.objc; name = main.m; path = internal/main.m; sourceTree = SOURCE_ROOT; };
		CDD59A261BB43B5D00EC2671 /* build-debug.xcconfig */ = {isa = PBXFileReference; fileEncoding = 4; lastKnownFileType = text.xcconfig; path = "build-debug.xcconfig"; sourceTree = "<group>"; };
		CDD59A271BB43B5D00EC2671 /* build-release.xcconfig */ = {isa = PBXFileReference; fileEncoding = 4; lastKnownFileType = text.xcconfig; path = "build-release.xcconfig"; sourceTree = "<group>"; };
		CDF4743E1BA4855C0087EA85 /* build.xcconfig */ = {isa = PBXFileReference; fileEncoding = 4; lastKnownFileType = text.xcconfig; path = build.xcconfig; sourceTree = "<group>"; };
		CF07181049BA4EA79F1F3546 /* extra_3.png */ = {isa = PBXFileReference; lastKnownFileType = image.png; name = extra_3.png; path = mirageapp/Resources/extra_3.png; sourceTree = "<group>"; };
		D3FA6259CDC74FB8A914A020 /* Default-Landscape@2x.png */ = {isa = PBXFileReference; lastKnownFileType = image.png; name = "Default-Landscape@2x.png"; path = "mirageapp/Resources/Default-Landscape@2x.png"; sourceTree = "<group>"; };
		DA42BA202F6844339325D0F6 /* iPhone 768x1024.png */ = {isa = PBXFileReference; lastKnownFileType = image.png; name = "iPhone 768x1024.png"; path = "mirageapp/Resources/iPhone 768x1024.png"; sourceTree = "<group>"; };
		DA7D48D7F00F4753AB500699 /* icon-60.png */ = {isa = PBXFileReference; lastKnownFileType = image.png; name = "icon-60.png"; path = "mirageapp/Resources/icon-60.png"; sourceTree = "<group>"; };
		DD465FEF160E43329E6D5A5D /* icon@2x.png */ = {isa = PBXFileReference; lastKnownFileType = image.png; name = "icon@2x.png"; path = "mirageapp/Resources/icon@2x.png"; sourceTree = "<group>"; };
		E0C4C2257C954215AAD1164C /* logo.png */ = {isa = PBXFileReference; lastKnownFileType = image.png; name = logo.png; path = mirageapp/Resources/logo.png; sourceTree = "<group>"; };
		E3B8A5B4FDFB4E1BBF1AFF68 /* icon-180x180@3x.png */ = {isa = PBXFileReference; lastKnownFileType = image.png; name = "icon-180x180@3x.png"; path = "mirageapp/Resources/icon-180x180@3x.png"; sourceTree = "<group>"; };
		E467A74E42EE4580BF58F1EE /* Icon-Small-50@2x.png */ = {isa = PBXFileReference; lastKnownFileType = image.png; name = "Icon-Small-50@2x.png"; path = "mirageapp/Resources/Icon-Small-50@2x.png"; sourceTree = "<group>"; };
		E9B71BFF9FCF4AE6A3878971 /* icon-40@3x.png */ = {isa = PBXFileReference; lastKnownFileType = image.png; name = "icon-40@3x.png"; path = "mirageapp/Resources/icon-40@3x.png"; sourceTree = "<group>"; };
		EB3E618345F51A84FFBD81EF /* Pods_mirageapp.framework */ = {isa = PBXFileReference; explicitFileType = wrapper.framework; includeInIndex = 0; path = Pods_mirageapp.framework; sourceTree = BUILT_PRODUCTS_DIR; };
		EC471D01A828443F8B92CB26 /* Background.png */ = {isa = PBXFileReference; lastKnownFileType = image.png; name = Background.png; path = mirageapp/Resources/Background.png; sourceTree = "<group>"; };
		ECD51BAB14BA4887BBE0F756 /* icon-152x152.png */ = {isa = PBXFileReference; lastKnownFileType = image.png; name = "icon-152x152.png"; path = "mirageapp/Resources/icon-152x152.png"; sourceTree = "<group>"; };
		F4E8DB9C28B540E59E5C83F5 /* icon-180x180.png */ = {isa = PBXFileReference; lastKnownFileType = image.png; name = "icon-180x180.png"; path = "mirageapp/Resources/icon-180x180.png"; sourceTree = "<group>"; };
		F6AFD961051143CAA8BD06BF /* Icon-Small@2x.png */ = {isa = PBXFileReference; lastKnownFileType = image.png; name = "Icon-Small@2x.png"; path = "mirageapp/Resources/Icon-Small@2x.png"; sourceTree = "<group>"; };
		F8B662D7F99D46B3A4044AF2 /* icon-76@3x.png */ = {isa = PBXFileReference; lastKnownFileType = image.png; name = "icon-76@3x.png"; path = "mirageapp/Resources/icon-76@3x.png"; sourceTree = "<group>"; };
		F9562B5AF6CC4DC28D5B95B0 /* extra_1.png */ = {isa = PBXFileReference; lastKnownFileType = image.png; name = extra_1.png; path = mirageapp/Resources/extra_1.png; sourceTree = "<group>"; };
		F9B8C6A31ACEDEEB00547416 /* en */ = {isa = PBXFileReference; lastKnownFileType = file.xib; name = en; path = en.lproj/LaunchScreen.xib; sourceTree = "<group>"; };
		FEEC2AF9F1ED4A7F8EABA85E /* icon-29.png */ = {isa = PBXFileReference; lastKnownFileType = image.png; name = "icon-29.png"; path = "mirageapp/Resources/icon-29.png"; sourceTree = "<group>"; };
/* End PBXFileReference section */

/* Begin PBXFrameworksBuildPhase section */
		858B83F418CA22B800AB12DE /* Frameworks */ = {
			isa = PBXFrameworksBuildPhase;
			buildActionMask = 2147483647;
			files = (
				CD82E9AC17DD4013B4800928 /* BarcodeScannerFramework.framework in Frameworks */,
				9425B90FFA974E5CAC94BD69 /* TelerikUI.framework in Frameworks */,
				75755A2D1D4E8E2AE2AF7409 /* Pods_mirageapp.framework in Frameworks */,
			);
			runOnlyForDeploymentPostprocessing = 0;
		};
/* End PBXFrameworksBuildPhase section */

/* Begin PBXGroup section */
		858B832518CA111C00AB12DE = {
			isa = PBXGroup;
			children = (
				E070579D1B39A9D000214BF1 /* Resources */,
				858B833718CA111C00AB12DE /* mirageapp */,
				858B833018CA111C00AB12DE /* Frameworks */,
				858B832F18CA111C00AB12DE /* Products */,
				CDED62F4F4D6468FF67BB176 /* Pods */,
			);
			sourceTree = "<group>";
		};
		858B832F18CA111C00AB12DE /* Products */ = {
			isa = PBXGroup;
			children = (
				858B832E18CA111C00AB12DE /* mirageapp.app */,
				858B843318CA22B800AB12DE /* mirageapp.app */,
			);
			name = Products;
			sourceTree = "<group>";
		};
		858B833018CA111C00AB12DE /* Frameworks */ = {
			isa = PBXGroup;
			children = (
				4C93ADDD5F85455B9F0758A0 /* BarcodeScannerFramework.framework */,
				CC8B28A84AF7455B80CC8A87 /* TelerikUI.framework */,
				EB3E618345F51A84FFBD81EF /* Pods_mirageapp.framework */,
			);
			name = Frameworks;
			sourceTree = "<group>";
		};
		858B833718CA111C00AB12DE /* mirageapp */ = {
			isa = PBXGroup;
			children = (
				CD45EE7A18DC2D5800FB50C0 /* app */,
				F9B8C6A21ACEDEEB00547416 /* LaunchScreen.xib */,
				858B833818CA111C00AB12DE /* Supporting Files */,
			);
			path = mirageapp;
			sourceTree = "<group>";
		};
		858B833818CA111C00AB12DE /* Supporting Files */ = {
			isa = PBXGroup;
			children = (
				CDF4743E1BA4855C0087EA85 /* build.xcconfig */,
				CDD59A261BB43B5D00EC2671 /* build-debug.xcconfig */,
				CDD59A271BB43B5D00EC2671 /* build-release.xcconfig */,
				858B833918CA111C00AB12DE /* mirageapp-Info.plist */,
				858B833A18CA111C00AB12DE /* InfoPlist.strings */,
				CD62955C1BB2678900AE3A93 /* main.m */,
				858B833F18CA111C00AB12DE /* mirageapp-Prefix.pch */,
			);
			name = "Supporting Files";
			sourceTree = "<group>";
		};
		CDED62F4F4D6468FF67BB176 /* Pods */ = {
			isa = PBXGroup;
			children = (
			);
			name = Pods;
			sourceTree = "<group>";
		};
		E070579D1B39A9D000214BF1 /* Resources */ = {
			isa = PBXGroup;
			children = (
				EC471D01A828443F8B92CB26 /* Background.png */,
				0CDCD3543F3F48C88516AA09 /* Default-568h@2x.png */,
				50FFA896E4004B64A37E1AAA /* Default-667h@2x.png */,
				1EE1AE35040B4E1C93008E08 /* Default-736h@3x.png */,
				B4BAAEE1903C4A4EBB8B0E0F /* Default-Landscape-568h@2x.png */,
				7A1C1B37FF854F2FABC84524 /* Default-Landscape-667h@2x.png */,
				8E0545EDBA8143099A51EC6B /* Default-Landscape-736h@3x.png */,
				AAE8AC16C98C4E7381571E88 /* Default-Landscape.png */,
				D3FA6259CDC74FB8A914A020 /* Default-Landscape@2x.png */,
				2BE75B13FFEB4A1EAEF1907C /* Default-Landscape@3x.png */,
				CBE5D7872C1B46FD906A9775 /* Default-Portrait-736h@3x.png */,
				26196B7C1075475096DA1F6C /* Default-Portrait.png */,
				A33D3EB0E6EE4340A6B96DB9 /* Default-Portrait@2x.png */,
				C79E0AC8BDDC4721AE17CECE /* Default.png */,
				0E4924BA4392482EBF429FC3 /* Default@2x.png */,
				072517A1412B4142B7D24EA8 /* Fader.png */,
				45C25F80FF2E422890419BCA /* Icon-Small-50.png */,
				E467A74E42EE4580BF58F1EE /* Icon-Small-50@2x.png */,
				103E43103CB84983A4BF31F8 /* Icon-Small.png */,
				F6AFD961051143CAA8BD06BF /* Icon-Small@2x.png */,
				ADE3FDA8D06A4F05BD95E17C /* avatar_placeholder.png */,
				44E27005FCAE40F8A6E7C3E1 /* back_icon.png */,
				911A866D928847CC8DF73A18 /* extra.png */,
				F9562B5AF6CC4DC28D5B95B0 /* extra_1.png */,
				9FABBC974DD74DE09BC1BF93 /* extra_2.png */,
				CF07181049BA4EA79F1F3546 /* extra_3.png */,
				2E2A45657BE94B0BB85F42FC /* iPhone 1024x768.png */,
				166460580C7D4827B7059CB4 /* iPhone 1536x2048.png */,
				0240498836764B6FAD97625E /* iPhone 2048x1536.png */,
				5DCDE1346D8243A9AC12AEC0 /* iPhone 2048x2732.png */,
				C7DBF857CECA4814A51AA0C3 /* iPhone 2732x2048.png */,
				CAC9BA28038C4093BA80D3B3 /* iPhone 640x1136.png */,
				93BAD7C2CB944750B31BC844 /* iPhone 640x960.png */,
				DA42BA202F6844339325D0F6 /* iPhone 768x1024.png */,
				B83C82BD7CF34C6B90B5D2F5 /* icon-1024x1024.png */,
				8E49AE1911214BDAA50B4783 /* icon-1024x1024@2x.png */,
				1F55D9D4F61A4176BFAE2EA2 /* icon-1024x1024@3x.png */,
				4C7A2E6120E047628A7C2825 /* icon-120x120.png */,
				2B22CCF3B7904351AC2EBCE4 /* icon-120x120@2x.png */,
				661C7392242842339193E29E /* icon-120x120@3x.png */,
				ECD51BAB14BA4887BBE0F756 /* icon-152x152.png */,
				7D39601E2C9F4AAC96963A64 /* icon-152x152@2x.png */,
				7DFF3CB4044845AEA4332378 /* icon-152x152@3x.png */,
				766BCD0FDC9743E5B344A0A6 /* icon-167x167.png */,
				A501B1604E2745E5B8D63265 /* icon-167x167@2x.png */,
				AC4BC90FB547433FB4BF6583 /* icon-167x167@3x.png */,
				F4E8DB9C28B540E59E5C83F5 /* icon-180x180.png */,
				54CBBC722CAF4C84B21DC37F /* icon-180x180@2x.png */,
				E3B8A5B4FDFB4E1BBF1AFF68 /* icon-180x180@3x.png */,
				FEEC2AF9F1ED4A7F8EABA85E /* icon-29.png */,
				B5B74B36595C4B8CBFD3F70E /* icon-29@2x.png */,
				3EA4AB593ACD41DF8886D451 /* icon-29@3x.png */,
				C9CE79FD19424CA696E2611C /* icon-40.png */,
				C82DDBCFEAEB4C2391D10BBC /* icon-40@2x.png */,
				E9B71BFF9FCF4AE6A3878971 /* icon-40@3x.png */,
				552CE84E00374CC09C3AD811 /* icon-57.png */,
				325076809A3740C6B3ADBA04 /* icon-57@2x.png */,
				DA7D48D7F00F4753AB500699 /* icon-60.png */,
				09C7E2E610904588B0BB5B3D /* icon-60@2x.png */,
				3B2CAB0036104DD7B8A16890 /* icon-60@3x.png */,
				1A714E9F72ED427DB07C8F89 /* icon-72.png */,
				46594ADDAC8647F4B2F1F401 /* icon-72@2x.png */,
				C629D5855551423AB184062C /* icon-72@3x.png */,
				A925431A24384F109D2FEEAA /* icon-76.png */,
				47D87D7C96DE46F2BA6453A0 /* icon-76@2x.png */,
				F8B662D7F99D46B3A4044AF2 /* icon-76@3x.png */,
				BCC31E7ECD24428099F79B4B /* icon-83.5x83.5.png */,
				A0F9DB39E1E149F4A5D3E901 /* icon-83.5x83.5@2x.png */,
				625C60D2DAE94CD6B92F2FC9 /* icon.png */,
				DD465FEF160E43329E6D5A5D /* icon@2x.png */,
				E0C4C2257C954215AAD1164C /* logo.png */,
				4ACFFCD40C8F4D789F36DA84 /* logo_white.png */,
				5FBA4948D3C0448CA9731F0F /* menu_icon.png */,
				89B66720F0A34E85830AB79B /* qr_code.png */,
				601CCA208699491F82FE5E58 /* stage.png */,
				1EB0AE16A1894E8EBB90F68C /* stage_dark.png */,
				4C2CB46F59C5408BA28EA0C6 /* statue_batman.png */,
				83C5F19C56F04E6C94D58566 /* statue_superman.png */,
				CD1CFAD8317F4A519E1E72D1 /* top_fader.png */,
			);
			name = Resources;
			sourceTree = "<group>";
		};
/* End PBXGroup section */

/* Begin PBXNativeTarget section */
		858B83EF18CA22B800AB12DE /* mirageapp */ = {
			isa = PBXNativeTarget;
			buildConfigurationList = 858B843018CA22B800AB12DE /* Build configuration list for PBXNativeTarget "mirageapp" */;
			buildPhases = (
				DCCD05187047F966872CD9A6 /* Check Pods Manifest.lock */,
				C97FD7AC1ADE5369004DB2A4 /* NativeScript PreBuild */,
				858B83F218CA22B800AB12DE /* Sources */,
				CD62955B1BB2651D00AE3A93 /* NativeScript PreLink */,
				858B83F418CA22B800AB12DE /* Frameworks */,
				858B842C18CA22B800AB12DE /* Resources */,
				85F5BDFC1A9363BE006B9701 /* Embed Frameworks */,
				CD3EAD351B05FF060042DBFC /* NativeScript PostBuild */,
				FBC3F524CE1700ADEC9B055E /* Embed Pods Frameworks */,
				25D41EDABF0ABD9B0E11C1C2 /* Copy Pods Resources */,
			);
			buildRules = (
			);
			dependencies = (
			);
			name = mirageapp;
			productName = JDBridgeApp;
			productReference = 858B843318CA22B800AB12DE /* mirageapp.app */;
			productType = "com.apple.product-type.application";
		};
/* End PBXNativeTarget section */

/* Begin PBXProject section */
		858B832618CA111C00AB12DE /* Project object */ = {
			isa = PBXProject;
			attributes = {
				CLASSPREFIX = TNS;
				LastUpgradeCheck = 500;
				ORGANIZATIONNAME = Telerik;
			};
			buildConfigurationList = 858B832918CA111C00AB12DE /* Build configuration list for PBXProject "mirageapp" */;
			compatibilityVersion = "Xcode 3.2";
			developmentRegion = English;
			hasScannedForEncodings = 0;
			knownRegions = (
				en,
			);
			mainGroup = 858B832518CA111C00AB12DE;
			productRefGroup = 858B832F18CA111C00AB12DE /* Products */;
			projectDirPath = "";
			projectRoot = "";
			targets = (
				858B83EF18CA22B800AB12DE /* mirageapp */,
			);
		};
/* End PBXProject section */

/* Begin PBXResourcesBuildPhase section */
		858B842C18CA22B800AB12DE /* Resources */ = {
			isa = PBXResourcesBuildPhase;
			buildActionMask = 2147483647;
			files = (
				CD45EE7C18DC2D5800FB50C0 /* app in Resources */,
				858B842D18CA22B800AB12DE /* InfoPlist.strings in Resources */,
				3A400628655F4C2EA78B2760 /* Background.png in Resources */,
				05F13400ED7348D593107E11 /* Default-568h@2x.png in Resources */,
				94ABB6F7FEE34E76BA900DA5 /* Default-667h@2x.png in Resources */,
				1B12FF5DE75840769139AE5B /* Default-736h@3x.png in Resources */,
				BFD9EAAB255D40FB806B220F /* Default-Landscape-568h@2x.png in Resources */,
				171CE2E8ED964AD0820222C3 /* Default-Landscape-667h@2x.png in Resources */,
				586C67AF18A141F8A3A33A45 /* Default-Landscape-736h@3x.png in Resources */,
				8E7FEDAD85594FE4B5B0649A /* Default-Landscape.png in Resources */,
				FC966A67968B45D3B507491A /* Default-Landscape@2x.png in Resources */,
				6B0ABD84075A4FE6A17AA04F /* Default-Landscape@3x.png in Resources */,
				7587C7E9336448868B920E60 /* Default-Portrait-736h@3x.png in Resources */,
				66489E0BAF204875903810C0 /* Default-Portrait.png in Resources */,
				C709FA0E6F774A2F857270CA /* Default-Portrait@2x.png in Resources */,
				E4D503960F354E9D9A878B5A /* Default.png in Resources */,
				B2117DFF2D0146158555A0EC /* Default@2x.png in Resources */,
				704950075C3C4E40A913AC18 /* Fader.png in Resources */,
				1F3E725B3FD84A948C3EDD0C /* Icon-Small-50.png in Resources */,
				55B5D20242D64549809C37DA /* Icon-Small-50@2x.png in Resources */,
				6756B8AF74244B768A2511C4 /* Icon-Small.png in Resources */,
				4947AE5E176B431DBECE973E /* Icon-Small@2x.png in Resources */,
				D31E10E8B4A64612BD637D4E /* avatar_placeholder.png in Resources */,
				6B2AD3C8690742298FC777A3 /* back_icon.png in Resources */,
				862BEF91412244E9A87A23B1 /* extra.png in Resources */,
				155B608D0B154C4994DDB9FA /* extra_1.png in Resources */,
				2C9C3A183A0547BCA8A30A58 /* extra_2.png in Resources */,
				2693FFEBD1904065BD9B3C87 /* extra_3.png in Resources */,
				C5EFAD36B26D4383BB721E8A /* iPhone 1024x768.png in Resources */,
				BACE538F52B946FEAC7B127D /* iPhone 1536x2048.png in Resources */,
				CD581AFD755A4824818DC24E /* iPhone 2048x1536.png in Resources */,
				0F555235CF35497F88E575CC /* iPhone 2048x2732.png in Resources */,
				76EB209C2C2945D69206737C /* iPhone 2732x2048.png in Resources */,
				D8C49D8396E2492380140FD3 /* iPhone 640x1136.png in Resources */,
				62FD652486DC4A8286CC098F /* iPhone 640x960.png in Resources */,
				765CD397217644B3BCA46218 /* iPhone 768x1024.png in Resources */,
				0B6236FADDF24F25828CC60C /* icon-1024x1024.png in Resources */,
				EA1D4B6E60BD463FB7F3E1B9 /* icon-1024x1024@2x.png in Resources */,
				9C59E324D0064AA2BAF42FFA /* icon-1024x1024@3x.png in Resources */,
				C8DD0E0057BF4E0198F757B3 /* icon-120x120.png in Resources */,
				5990F00B9E44412D803CDDB8 /* icon-120x120@2x.png in Resources */,
				9D9B7F8BC2604068BDCBD204 /* icon-120x120@3x.png in Resources */,
				A3478C2B579A4E5CA26DCBEA /* icon-152x152.png in Resources */,
				AEA8F529C68C4B69B0747194 /* icon-152x152@2x.png in Resources */,
				EEF9DCB46034412F8D03D483 /* icon-152x152@3x.png in Resources */,
				0E29453D1B734BA490EBCDDA /* icon-167x167.png in Resources */,
				0628467C7F874853A641FF79 /* icon-167x167@2x.png in Resources */,
				8FBBE3DE5FE340B79E04027F /* icon-167x167@3x.png in Resources */,
				10EBAEEB354849C0924AB297 /* icon-180x180.png in Resources */,
				0A69C4BE21964B78B51BA3B4 /* icon-180x180@2x.png in Resources */,
				8C839273CD7C4C39A3FC021E /* icon-180x180@3x.png in Resources */,
				D9A9E3E431B1454BA7C3B2CC /* icon-29.png in Resources */,
				4F1757A213FB4D45A481EC8F /* icon-29@2x.png in Resources */,
				5ECE4BF1B71A41D4B3F6AD24 /* icon-29@3x.png in Resources */,
				8C421DDB5706471C9D7FB6AA /* icon-40.png in Resources */,
				4324426985304C5FB54AE737 /* icon-40@2x.png in Resources */,
				8866D9F954AC434E9531DCA2 /* icon-40@3x.png in Resources */,
				4326FB038161434399654FCE /* icon-57.png in Resources */,
				3847F080203C4503A7FA500C /* icon-57@2x.png in Resources */,
				157F6866B189489F9E801E25 /* icon-60.png in Resources */,
				025C0E2285EB42B5B68348F5 /* icon-60@2x.png in Resources */,
				3359A5937E3A49B4A4BCBE08 /* icon-60@3x.png in Resources */,
				F5546CF36E074A9A9D2E5C79 /* icon-72.png in Resources */,
				274A9C1A25B44B40AA5247B5 /* icon-72@2x.png in Resources */,
				5AA45485499440AFBA52D0C5 /* icon-72@3x.png in Resources */,
				DF4E68B18A09480B8E3A03F6 /* icon-76.png in Resources */,
				2921A64A1EFE4E84A119180A /* icon-76@2x.png in Resources */,
				BD7877F323574418B9820206 /* icon-76@3x.png in Resources */,
				598FA0AC10484D86B639471E /* icon-83.5x83.5.png in Resources */,
				D731DDEFF0F442D981F8ACA2 /* icon-83.5x83.5@2x.png in Resources */,
				29C3B0FBEA904ED8A092C2B7 /* icon.png in Resources */,
				2974F98FE81A4564B8FE7F5B /* icon@2x.png in Resources */,
				321F05352905490D8AAE1572 /* logo.png in Resources */,
				D098169B12924C8D8F04399C /* logo_white.png in Resources */,
				A5E1F2D799B44128B441B29A /* menu_icon.png in Resources */,
				75FE1D862364434FBE0889D2 /* qr_code.png in Resources */,
				9A06EA69B91F453EB3CC1D02 /* stage.png in Resources */,
				47CE525059CA43169C92E406 /* stage_dark.png in Resources */,
				FF413019D3874ECD88E008C8 /* statue_batman.png in Resources */,
				A3A9243FA5DD4C008E9BA18D /* statue_superman.png in Resources */,
				508D19F1834C4E398EC022C2 /* top_fader.png in Resources */,
			);
			runOnlyForDeploymentPostprocessing = 0;
		};
/* End PBXResourcesBuildPhase section */

/* Begin PBXShellScriptBuildPhase section */
		25D41EDABF0ABD9B0E11C1C2 /* Copy Pods Resources */ = {
			isa = PBXShellScriptBuildPhase;
			buildActionMask = 2147483647;
			files = (
			);
			inputPaths = (
			);
			name = "Copy Pods Resources";
			outputPaths = (
			);
			runOnlyForDeploymentPostprocessing = 0;
			shellPath = /bin/sh;
			shellScript = "\"${SRCROOT}/Pods/Target Support Files/Pods-mirageapp/Pods-mirageapp-resources.sh\"\n";
			showEnvVarsInLog = 0;
		};
		C97FD7AC1ADE5369004DB2A4 /* NativeScript PreBuild */ = {
			isa = PBXShellScriptBuildPhase;
			buildActionMask = 2147483647;
			files = (
			);
			inputPaths = (
			);
			name = "NativeScript PreBuild";
			outputPaths = (
			);
			runOnlyForDeploymentPostprocessing = 0;
			shellPath = /bin/sh;
			shellScript = "\"$SRCROOT/internal/nativescript-pre-build\"";
			showEnvVarsInLog = 0;
		};
		CD3EAD351B05FF060042DBFC /* NativeScript PostBuild */ = {
			isa = PBXShellScriptBuildPhase;
			buildActionMask = 2147483647;
			files = (
			);
			inputPaths = (
			);
			name = "NativeScript PostBuild";
			outputPaths = (
			);
			runOnlyForDeploymentPostprocessing = 0;
			shellPath = /bin/sh;
			shellScript = "\"$SRCROOT/internal/nativescript-post-build\"";
			showEnvVarsInLog = 0;
		};
		CD62955B1BB2651D00AE3A93 /* NativeScript PreLink */ = {
			isa = PBXShellScriptBuildPhase;
			buildActionMask = 2147483647;
			files = (
			);
			inputPaths = (
			);
			name = "NativeScript PreLink";
			outputPaths = (
			);
			runOnlyForDeploymentPostprocessing = 0;
			shellPath = /bin/sh;
			shellScript = "\"$SRCROOT/internal/nativescript-pre-link\"";
			showEnvVarsInLog = 0;
		};
		DCCD05187047F966872CD9A6 /* Check Pods Manifest.lock */ = {
			isa = PBXShellScriptBuildPhase;
			buildActionMask = 2147483647;
			files = (
			);
			inputPaths = (
			);
			name = "Check Pods Manifest.lock";
			outputPaths = (
			);
			runOnlyForDeploymentPostprocessing = 0;
			shellPath = /bin/sh;
			shellScript = "diff \"${PODS_ROOT}/../Podfile.lock\" \"${PODS_ROOT}/Manifest.lock\" > /dev/null\nif [[ $? != 0 ]] ; then\n    cat << EOM\nerror: The sandbox is not in sync with the Podfile.lock. Run 'pod install' or update your CocoaPods installation.\nEOM\n    exit 1\nfi\n";
			showEnvVarsInLog = 0;
		};
		FBC3F524CE1700ADEC9B055E /* Embed Pods Frameworks */ = {
			isa = PBXShellScriptBuildPhase;
			buildActionMask = 2147483647;
			files = (
			);
			inputPaths = (
			);
			name = "Embed Pods Frameworks";
			outputPaths = (
			);
			runOnlyForDeploymentPostprocessing = 0;
			shellPath = /bin/sh;
			shellScript = "\"${SRCROOT}/Pods/Target Support Files/Pods-mirageapp/Pods-mirageapp-frameworks.sh\"\n";
			showEnvVarsInLog = 0;
		};
/* End PBXShellScriptBuildPhase section */

/* Begin PBXSourcesBuildPhase section */
		858B83F218CA22B800AB12DE /* Sources */ = {
			isa = PBXSourcesBuildPhase;
			buildActionMask = 2147483647;
			files = (
				CD62955D1BB2678900AE3A93 /* main.m in Sources */,
			);
			runOnlyForDeploymentPostprocessing = 0;
		};
/* End PBXSourcesBuildPhase section */

/* Begin PBXVariantGroup section */
		858B833A18CA111C00AB12DE /* InfoPlist.strings */ = {
			isa = PBXVariantGroup;
			children = (
				858B833B18CA111C00AB12DE /* en */,
			);
			name = InfoPlist.strings;
			sourceTree = "<group>";
		};
		F9B8C6A21ACEDEEB00547416 /* LaunchScreen.xib */ = {
			isa = PBXVariantGroup;
			children = (
				F9B8C6A31ACEDEEB00547416 /* en */,
			);
			name = LaunchScreen.xib;
			sourceTree = "<group>";
		};
/* End PBXVariantGroup section */

/* Begin XCBuildConfiguration section */
		858B835818CA111C00AB12DE /* Debug */ = {
			isa = XCBuildConfiguration;
			buildSettings = {
				ALWAYS_SEARCH_USER_PATHS = NO;
				ARCHS = "$(ARCHS_STANDARD)";
				CLANG_CXX_LANGUAGE_STANDARD = "gnu++0x";
				CLANG_CXX_LIBRARY = "libc++";
				CLANG_ENABLE_MODULES = YES;
				CLANG_ENABLE_OBJC_ARC = YES;
				CLANG_WARN_BOOL_CONVERSION = YES;
				CLANG_WARN_CONSTANT_CONVERSION = YES;
				CLANG_WARN_DIRECT_OBJC_ISA_USAGE = YES_ERROR;
				CLANG_WARN_EMPTY_BODY = YES;
				CLANG_WARN_ENUM_CONVERSION = YES;
				CLANG_WARN_INT_CONVERSION = YES;
				CLANG_WARN_OBJC_ROOT_CLASS = YES_ERROR;
				CLANG_WARN__DUPLICATE_METHOD_MATCH = YES;
				"CODE_SIGN_IDENTITY[sdk=iphoneos*]" = "iPhone Developer";
				COPY_PHASE_STRIP = NO;
				GCC_C_LANGUAGE_STANDARD = gnu99;
				GCC_DYNAMIC_NO_PIC = NO;
				GCC_OPTIMIZATION_LEVEL = 0;
				GCC_SYMBOLS_PRIVATE_EXTERN = NO;
				GCC_WARN_64_TO_32_BIT_CONVERSION = YES;
				GCC_WARN_ABOUT_RETURN_TYPE = YES_ERROR;
				GCC_WARN_UNDECLARED_SELECTOR = YES;
				GCC_WARN_UNINITIALIZED_AUTOS = YES;
				GCC_WARN_UNUSED_FUNCTION = YES;
				GCC_WARN_UNUSED_VARIABLE = YES;
				IPHONEOS_DEPLOYMENT_TARGET = 8.0;
				ONLY_ACTIVE_ARCH = YES;
				SDKROOT = iphoneos;
				TARGETED_DEVICE_FAMILY = "1,2";
				VALID_ARCHS = "armv7 arm64";
			};
			name = Debug;
		};
		858B835918CA111C00AB12DE /* Release */ = {
			isa = XCBuildConfiguration;
			buildSettings = {
				ALWAYS_SEARCH_USER_PATHS = NO;
				ARCHS = "$(ARCHS_STANDARD)";
				CLANG_CXX_LANGUAGE_STANDARD = "gnu++0x";
				CLANG_CXX_LIBRARY = "libc++";
				CLANG_ENABLE_MODULES = YES;
				CLANG_ENABLE_OBJC_ARC = YES;
				CLANG_WARN_BOOL_CONVERSION = YES;
				CLANG_WARN_CONSTANT_CONVERSION = YES;
				CLANG_WARN_DIRECT_OBJC_ISA_USAGE = YES_ERROR;
				CLANG_WARN_EMPTY_BODY = YES;
				CLANG_WARN_ENUM_CONVERSION = YES;
				CLANG_WARN_INT_CONVERSION = YES;
				CLANG_WARN_OBJC_ROOT_CLASS = YES_ERROR;
				CLANG_WARN__DUPLICATE_METHOD_MATCH = YES;
				"CODE_SIGN_IDENTITY[sdk=iphoneos*]" = "iPhone Developer";
				COPY_PHASE_STRIP = YES;
				ENABLE_NS_ASSERTIONS = NO;
				GCC_C_LANGUAGE_STANDARD = gnu99;
				GCC_WARN_64_TO_32_BIT_CONVERSION = YES;
				GCC_WARN_ABOUT_RETURN_TYPE = YES_ERROR;
				GCC_WARN_UNDECLARED_SELECTOR = YES;
				GCC_WARN_UNINITIALIZED_AUTOS = YES;
				GCC_WARN_UNUSED_FUNCTION = YES;
				GCC_WARN_UNUSED_VARIABLE = YES;
				IPHONEOS_DEPLOYMENT_TARGET = 8.0;
				SDKROOT = iphoneos;
				TARGETED_DEVICE_FAMILY = "1,2";
				VALIDATE_PRODUCT = YES;
				VALID_ARCHS = "armv7 arm64";
			};
			name = Release;
		};
		858B843118CA22B800AB12DE /* Debug */ = {
			isa = XCBuildConfiguration;
			baseConfigurationReference = CDD59A261BB43B5D00EC2671 /* build-debug.xcconfig */;
			buildSettings = {
				ARCHS = "$(ARCHS_STANDARD)";
				CLANG_ENABLE_MODULES = NO;
				CLANG_MODULES_AUTOLINK = NO;
				ENABLE_BITCODE = NO;
				FRAMEWORK_SEARCH_PATHS = (
					"$(inherited)",
					"\"../../lib/iOS\"",
					"\"../../lib/iOS\"",
				);
				GCC_PRECOMPILE_PREFIX_HEADER = YES;
				GCC_PREFIX_HEADER = "mirageapp/mirageapp-Prefix.pch";
				GCC_PREPROCESSOR_DEFINITIONS = (
					"$(inherited)",
					"DEBUG=1",
				);
				INFOPLIST_FILE = "$(SRCROOT)/mirageapp/mirageapp-Info.plist";
				LD_RUNPATH_SEARCH_PATHS = "$(inherited) @executable_path/Frameworks";
				PRODUCT_NAME = mirageapp;
				VALID_ARCHS = "armv7 arm64";
				WRAPPER_EXTENSION = app;
			};
			name = Debug;
		};
		858B843218CA22B800AB12DE /* Release */ = {
			isa = XCBuildConfiguration;
			baseConfigurationReference = CDD59A271BB43B5D00EC2671 /* build-release.xcconfig */;
			buildSettings = {
				ARCHS = "$(ARCHS_STANDARD)";
				CLANG_ENABLE_MODULES = NO;
				CLANG_MODULES_AUTOLINK = NO;
				ENABLE_BITCODE = NO;
				FRAMEWORK_SEARCH_PATHS = (
					"$(inherited)",
					"\"../../lib/iOS\"",
					"\"../../lib/iOS\"",
				);
				GCC_PRECOMPILE_PREFIX_HEADER = YES;
				GCC_PREFIX_HEADER = "mirageapp/mirageapp-Prefix.pch";
				INFOPLIST_FILE = "$(SRCROOT)/mirageapp/mirageapp-Info.plist";
				LD_RUNPATH_SEARCH_PATHS = "$(inherited) @executable_path/Frameworks";
				PRODUCT_NAME = mirageapp;
				VALID_ARCHS = "armv7 arm64";
				WRAPPER_EXTENSION = app;
			};
			name = Release;
		};
/* End XCBuildConfiguration section */

/* Begin XCConfigurationList section */
		858B832918CA111C00AB12DE /* Build configuration list for PBXProject "mirageapp" */ = {
			isa = XCConfigurationList;
			buildConfigurations = (
				858B835818CA111C00AB12DE /* Debug */,
				858B835918CA111C00AB12DE /* Release */,
			);
			defaultConfigurationIsVisible = 0;
			defaultConfigurationName = Release;
		};
		858B843018CA22B800AB12DE /* Build configuration list for PBXNativeTarget "mirageapp" */ = {
			isa = XCConfigurationList;
			buildConfigurations = (
				858B843118CA22B800AB12DE /* Debug */,
				858B843218CA22B800AB12DE /* Release */,
			);
			defaultConfigurationIsVisible = 0;
			defaultConfigurationName = Release;
		};
/* End XCConfigurationList section */
	};
	rootObject = 858B832618CA111C00AB12DE /* Project object */;
}
